
Microsoft Visual Studio Solution File, Format Version 12.00
# Visual Studio Version 17
VisualStudioVersion = 17.2.32616.157
MinimumVisualStudioVersion = 10.0.40219.1
Project("{A0786B88-2ADB-4C21-ABE8-AA2D79766269}") = "BankAcount", "BankAccount\BankAcount.phpproj", "{78A1C091-122F-43A4-93D0-487D04BE0C56}"
EndProject
Global
	GlobalSection(SolutionConfigurationPlatforms) = preSolution
		Debug|Any CPU = Debug|Any CPU
		Release|Any CPU = Release|Any CPU
	EndGlobalSection
	GlobalSection(ProjectConfigurationPlatforms) = postSolution
		{78A1C091-122F-43A4-93D0-487D04BE0C56}.Debug|Any CPU.ActiveCfg = Debug|Any CPU
		{78A1C091-122F-43A4-93D0-487D04BE0C56}.Release|Any CPU.ActiveCfg = Release|Any CPU
	EndGlobalSection
	GlobalSection(SolutionProperties) = preSolution
		HideSolutionNode = FALSE
	EndGlobalSection
	GlobalSection(ExtensibilityGlobals) = postSolution
		SolutionGuid = {30CD24FA-770B-4096-B7C8-0F1C842069A6}
	EndGlobalSection
EndGlobal
